
Microsoft Visual Studio Solution File, Format Version 12.00
# Visual Studio Version 17
VisualStudioVersion = 17.1.31911.260
MinimumVisualStudioVersion = 10.0.40219.1
Project("{9A19103F-16F7-4668-BE54-9A1E7A4F7556}") = "NET-Performance-Linq-First", "hyperlinq-tolist\NET-Performance-Linq-First.csproj", "{23F62FCC-4504-4766-AFD7-A935CFF47960}"
EndProject
Project("{9A19103F-16F7-4668-BE54-9A1E7A4F7556}") = "NET-Performance-StringBuilder-Pooled", "stringbuilder-pooled\NET-Performance-StringBuilder-Pooled.csproj", "{98539D54-C7EC-4000-8DDF-1C86A470BBEC}"
EndProject
Project("{9A19103F-16F7-4668-BE54-9A1E7A4F7556}") = "NET-Performance-LogMessages", "log-messages-source-code-generator\NET-Performance-LogMessages.csproj", "{16372DD3-422E-47F2-B54F-619FFE361997}"
EndProject
Project("{9A19103F-16F7-4668-BE54-9A1E7A4F7556}") = "NET-Performance-Random-String", "random-string\NET-Performance-Random-String.csproj", "{6AA0E361-6531-4815-A337-AC1384819818}"
EndProject
Project("{9A19103F-16F7-4668-BE54-9A1E7A4F7556}") = "NET-Struct-vs-Class", "struct-vs-class\NET-Struct-vs-Class.csproj", "{AF0A2EE0-F25A-4948-81B5-E21EB85EBE4D}"
EndProject
Project("{2150E333-8FDC-42A3-9474-1A3956D46DE8}") = "Solution Items", "Solution Items", "{7BB5B960-9648-4443-B6B7-71F9277626C5}"
	ProjectSection(SolutionItems) = preProject
		..\README.md = ..\README.md
	EndProjectSection
EndProject
Project("{9A19103F-16F7-4668-BE54-9A1E7A4F7556}") = "NET-Performance-Local-Method-HotPath", "local-method-hotpath\NET-Performance-Local-Method-HotPath.csproj", "{83836F66-B198-40E9-AF1E-B5DCC3EC1308}"
EndProject
Project("{9A19103F-16F7-4668-BE54-9A1E7A4F7556}") = "NET-CSharp10-String-Interpolation", "csharp10-string-interpolation\NET-CSharp10-String-Interpolation.csproj", "{2FF9E7F2-70F9-40AF-94C4-F452F293F507}"
EndProject
Project("{9A19103F-16F7-4668-BE54-9A1E7A4F7556}") = "NET-List-vs-HashSet", "list-vs-hashset\NET-List-vs-HashSet.csproj", "{07754313-3B84-4B2F-83C1-6AEE374B4297}"
EndProject
Project("{9A19103F-16F7-4668-BE54-9A1E7A4F7556}") = "NET-In-Parameter", "in-parameter\NET-In-Parameter.csproj", "{9CF9A292-F8B3-4165-AE09-FB6E03FCFEF0}"
EndProject
Project("{9A19103F-16F7-4668-BE54-9A1E7A4F7556}") = "NET-Create-Empty-Collection", "create-empty-collection\NET-Create-Empty-Collection.csproj", "{E23680CD-5FB0-442E-92C6-D17D5A0217D3}"
EndProject
Project("{9A19103F-16F7-4668-BE54-9A1E7A4F7556}") = "NET-ToLower-ToUpper", "tolower-vs-toupper\NET-ToLower-ToUpper.csproj", "{2CA619D4-770F-4572-B324-5297C375D259}"
EndProject
Project("{9A19103F-16F7-4668-BE54-9A1E7A4F7556}") = "NET-List-vs-IEnumerable-Enumerate", "list-vs-ienumerable-enumerate\NET-List-vs-IEnumerable-Enumerate.csproj", "{0E0788A6-5F58-450C-9869-2AC544B15C70}"
EndProject
Project("{9A19103F-16F7-4668-BE54-9A1E7A4F7556}") = "NET-List-Count-vs-Count", "list-count-property-vs-count-method\NET-List-Count-vs-Count.csproj", "{9F6E6D0E-C349-40C5-A030-C8236456B918}"
EndProject
Project("{9A19103F-16F7-4668-BE54-9A1E7A4F7556}") = "NET-DateTime-Now-vs-UtcNow", "datime-now-vs-utcnow\NET-DateTime-Now-vs-UtcNow.csproj", "{549F815D-FA3B-487B-9CE3-32C1EE33686E}"
EndProject
Project("{9A19103F-16F7-4668-BE54-9A1E7A4F7556}") = "NET-Linq-Expression-Compile", "linq-expression-compile\NET-Linq-Expression-Compile.csproj", "{3420D83A-F9BA-4D56-B27A-218138017C5F}"
EndProject
Project("{9A19103F-16F7-4668-BE54-9A1E7A4F7556}") = "NET-String-Create-Runtime-Comparison", "string-create-runtime-comparison\NET-String-Create-Runtime-Comparison.csproj", "{7F46E04A-0DC5-4E51-AAC8-9859B7AA7482}"
EndProject
Global
	GlobalSection(SolutionConfigurationPlatforms) = preSolution
		Debug|Any CPU = Debug|Any CPU
		Release|Any CPU = Release|Any CPU
	EndGlobalSection
	GlobalSection(ProjectConfigurationPlatforms) = postSolution
		{23F62FCC-4504-4766-AFD7-A935CFF47960}.Debug|Any CPU.ActiveCfg = Debug|Any CPU
		{23F62FCC-4504-4766-AFD7-A935CFF47960}.Debug|Any CPU.Build.0 = Debug|Any CPU
		{23F62FCC-4504-4766-AFD7-A935CFF47960}.Release|Any CPU.ActiveCfg = Release|Any CPU
		{23F62FCC-4504-4766-AFD7-A935CFF47960}.Release|Any CPU.Build.0 = Release|Any CPU
		{98539D54-C7EC-4000-8DDF-1C86A470BBEC}.Debug|Any CPU.ActiveCfg = Debug|Any CPU
		{98539D54-C7EC-4000-8DDF-1C86A470BBEC}.Debug|Any CPU.Build.0 = Debug|Any CPU
		{98539D54-C7EC-4000-8DDF-1C86A470BBEC}.Release|Any CPU.ActiveCfg = Release|Any CPU
		{98539D54-C7EC-4000-8DDF-1C86A470BBEC}.Release|Any CPU.Build.0 = Release|Any CPU
		{16372DD3-422E-47F2-B54F-619FFE361997}.Debug|Any CPU.ActiveCfg = Debug|Any CPU
		{16372DD3-422E-47F2-B54F-619FFE361997}.Debug|Any CPU.Build.0 = Debug|Any CPU
		{16372DD3-422E-47F2-B54F-619FFE361997}.Release|Any CPU.ActiveCfg = Release|Any CPU
		{16372DD3-422E-47F2-B54F-619FFE361997}.Release|Any CPU.Build.0 = Release|Any CPU
		{6AA0E361-6531-4815-A337-AC1384819818}.Debug|Any CPU.ActiveCfg = Debug|Any CPU
		{6AA0E361-6531-4815-A337-AC1384819818}.Debug|Any CPU.Build.0 = Debug|Any CPU
		{6AA0E361-6531-4815-A337-AC1384819818}.Release|Any CPU.ActiveCfg = Release|Any CPU
		{6AA0E361-6531-4815-A337-AC1384819818}.Release|Any CPU.Build.0 = Release|Any CPU
		{AF0A2EE0-F25A-4948-81B5-E21EB85EBE4D}.Debug|Any CPU.ActiveCfg = Debug|Any CPU
		{AF0A2EE0-F25A-4948-81B5-E21EB85EBE4D}.Debug|Any CPU.Build.0 = Debug|Any CPU
		{AF0A2EE0-F25A-4948-81B5-E21EB85EBE4D}.Release|Any CPU.ActiveCfg = Release|Any CPU
		{AF0A2EE0-F25A-4948-81B5-E21EB85EBE4D}.Release|Any CPU.Build.0 = Release|Any CPU
		{83836F66-B198-40E9-AF1E-B5DCC3EC1308}.Debug|Any CPU.ActiveCfg = Debug|Any CPU
		{83836F66-B198-40E9-AF1E-B5DCC3EC1308}.Debug|Any CPU.Build.0 = Debug|Any CPU
		{83836F66-B198-40E9-AF1E-B5DCC3EC1308}.Release|Any CPU.ActiveCfg = Release|Any CPU
		{83836F66-B198-40E9-AF1E-B5DCC3EC1308}.Release|Any CPU.Build.0 = Release|Any CPU
		{2FF9E7F2-70F9-40AF-94C4-F452F293F507}.Debug|Any CPU.ActiveCfg = Debug|Any CPU
		{2FF9E7F2-70F9-40AF-94C4-F452F293F507}.Debug|Any CPU.Build.0 = Debug|Any CPU
		{2FF9E7F2-70F9-40AF-94C4-F452F293F507}.Release|Any CPU.ActiveCfg = Release|Any CPU
		{2FF9E7F2-70F9-40AF-94C4-F452F293F507}.Release|Any CPU.Build.0 = Release|Any CPU
		{07754313-3B84-4B2F-83C1-6AEE374B4297}.Debug|Any CPU.ActiveCfg = Debug|Any CPU
		{07754313-3B84-4B2F-83C1-6AEE374B4297}.Debug|Any CPU.Build.0 = Debug|Any CPU
		{07754313-3B84-4B2F-83C1-6AEE374B4297}.Release|Any CPU.ActiveCfg = Release|Any CPU
		{07754313-3B84-4B2F-83C1-6AEE374B4297}.Release|Any CPU.Build.0 = Release|Any CPU
		{9CF9A292-F8B3-4165-AE09-FB6E03FCFEF0}.Debug|Any CPU.ActiveCfg = Debug|Any CPU
		{9CF9A292-F8B3-4165-AE09-FB6E03FCFEF0}.Debug|Any CPU.Build.0 = Debug|Any CPU
		{9CF9A292-F8B3-4165-AE09-FB6E03FCFEF0}.Release|Any CPU.ActiveCfg = Release|Any CPU
		{9CF9A292-F8B3-4165-AE09-FB6E03FCFEF0}.Release|Any CPU.Build.0 = Release|Any CPU
		{E23680CD-5FB0-442E-92C6-D17D5A0217D3}.Debug|Any CPU.ActiveCfg = Debug|Any CPU
		{E23680CD-5FB0-442E-92C6-D17D5A0217D3}.Debug|Any CPU.Build.0 = Debug|Any CPU
		{E23680CD-5FB0-442E-92C6-D17D5A0217D3}.Release|Any CPU.ActiveCfg = Release|Any CPU
		{E23680CD-5FB0-442E-92C6-D17D5A0217D3}.Release|Any CPU.Build.0 = Release|Any CPU
		{2CA619D4-770F-4572-B324-5297C375D259}.Debug|Any CPU.ActiveCfg = Debug|Any CPU
		{2CA619D4-770F-4572-B324-5297C375D259}.Debug|Any CPU.Build.0 = Debug|Any CPU
		{2CA619D4-770F-4572-B324-5297C375D259}.Release|Any CPU.ActiveCfg = Release|Any CPU
		{2CA619D4-770F-4572-B324-5297C375D259}.Release|Any CPU.Build.0 = Release|Any CPU
		{0E0788A6-5F58-450C-9869-2AC544B15C70}.Debug|Any CPU.ActiveCfg = Debug|Any CPU
		{0E0788A6-5F58-450C-9869-2AC544B15C70}.Debug|Any CPU.Build.0 = Debug|Any CPU
		{0E0788A6-5F58-450C-9869-2AC544B15C70}.Release|Any CPU.ActiveCfg = Release|Any CPU
		{0E0788A6-5F58-450C-9869-2AC544B15C70}.Release|Any CPU.Build.0 = Release|Any CPU
		{9F6E6D0E-C349-40C5-A030-C8236456B918}.Debug|Any CPU.ActiveCfg = Debug|Any CPU
		{9F6E6D0E-C349-40C5-A030-C8236456B918}.Debug|Any CPU.Build.0 = Debug|Any CPU
		{9F6E6D0E-C349-40C5-A030-C8236456B918}.Release|Any CPU.ActiveCfg = Release|Any CPU
		{9F6E6D0E-C349-40C5-A030-C8236456B918}.Release|Any CPU.Build.0 = Release|Any CPU
		{549F815D-FA3B-487B-9CE3-32C1EE33686E}.Debug|Any CPU.ActiveCfg = Debug|Any CPU
		{549F815D-FA3B-487B-9CE3-32C1EE33686E}.Debug|Any CPU.Build.0 = Debug|Any CPU
		{549F815D-FA3B-487B-9CE3-32C1EE33686E}.Release|Any CPU.ActiveCfg = Release|Any CPU
		{549F815D-FA3B-487B-9CE3-32C1EE33686E}.Release|Any CPU.Build.0 = Release|Any CPU
		{3420D83A-F9BA-4D56-B27A-218138017C5F}.Debug|Any CPU.ActiveCfg = Debug|Any CPU
		{3420D83A-F9BA-4D56-B27A-218138017C5F}.Debug|Any CPU.Build.0 = Debug|Any CPU
		{3420D83A-F9BA-4D56-B27A-218138017C5F}.Release|Any CPU.ActiveCfg = Release|Any CPU
		{3420D83A-F9BA-4D56-B27A-218138017C5F}.Release|Any CPU.Build.0 = Release|Any CPU
		{7F46E04A-0DC5-4E51-AAC8-9859B7AA7482}.Debug|Any CPU.ActiveCfg = Debug|Any CPU
		{7F46E04A-0DC5-4E51-AAC8-9859B7AA7482}.Debug|Any CPU.Build.0 = Debug|Any CPU
		{7F46E04A-0DC5-4E51-AAC8-9859B7AA7482}.Release|Any CPU.ActiveCfg = Release|Any CPU
		{7F46E04A-0DC5-4E51-AAC8-9859B7AA7482}.Release|Any CPU.Build.0 = Release|Any CPU
	EndGlobalSection
	GlobalSection(SolutionProperties) = preSolution
		HideSolutionNode = FALSE
	EndGlobalSection
	GlobalSection(ExtensibilityGlobals) = postSolution
		SolutionGuid = {B1B13D6E-70E3-4172-84E4-2D2FED1FA637}
	EndGlobalSection
EndGlobal
